
Microsoft Visual Studio Solution File, Format Version 12.00
# Visual Studio Version 17
VisualStudioVersion = 17.4.33205.214
MinimumVisualStudioVersion = 10.0.40219.1
Project("{9A19103F-16F7-4668-BE54-9A1E7A4F7556}") = "CalorieCounting", "CalorieCounting\CalorieCounting.csproj", "{89E44B98-4447-40D2-954C-3780AB5947A7}"
EndProject
Project("{9A19103F-16F7-4668-BE54-9A1E7A4F7556}") = "RockPaperScissors", "RockPaperScissors\RockPaperScissors.csproj", "{EECD175F-FE8F-4E9E-A603-FB201A63A487}"
EndProject
Project("{FAE04EC0-301F-11D3-BF4B-00C04F79EFBC}") = "RucksackReorganization", "RucksackReorganization\RucksackReorganization.csproj", "{C831AE45-9A87-4E65-8150-2EE823805E62}"
EndProject
Global
	GlobalSection(SolutionConfigurationPlatforms) = preSolution
		Debug|Any CPU = Debug|Any CPU
		Release|Any CPU = Release|Any CPU
	EndGlobalSection
	GlobalSection(ProjectConfigurationPlatforms) = postSolution
		{89E44B98-4447-40D2-954C-3780AB5947A7}.Debug|Any CPU.ActiveCfg = Debug|Any CPU
		{89E44B98-4447-40D2-954C-3780AB5947A7}.Debug|Any CPU.Build.0 = Debug|Any CPU
		{89E44B98-4447-40D2-954C-3780AB5947A7}.Release|Any CPU.ActiveCfg = Release|Any CPU
		{89E44B98-4447-40D2-954C-3780AB5947A7}.Release|Any CPU.Build.0 = Release|Any CPU
		{EECD175F-FE8F-4E9E-A603-FB201A63A487}.Debug|Any CPU.ActiveCfg = Debug|Any CPU
		{EECD175F-FE8F-4E9E-A603-FB201A63A487}.Debug|Any CPU.Build.0 = Debug|Any CPU
		{EECD175F-FE8F-4E9E-A603-FB201A63A487}.Release|Any CPU.ActiveCfg = Release|Any CPU
		{EECD175F-FE8F-4E9E-A603-FB201A63A487}.Release|Any CPU.Build.0 = Release|Any CPU
		{C831AE45-9A87-4E65-8150-2EE823805E62}.Debug|Any CPU.ActiveCfg = Debug|Any CPU
		{C831AE45-9A87-4E65-8150-2EE823805E62}.Debug|Any CPU.Build.0 = Debug|Any CPU
		{C831AE45-9A87-4E65-8150-2EE823805E62}.Release|Any CPU.ActiveCfg = Release|Any CPU
		{C831AE45-9A87-4E65-8150-2EE823805E62}.Release|Any CPU.Build.0 = Release|Any CPU
	EndGlobalSection
	GlobalSection(SolutionProperties) = preSolution
		HideSolutionNode = FALSE
	EndGlobalSection
	GlobalSection(ExtensibilityGlobals) = postSolution
		SolutionGuid = {D2C6FB16-7030-4295-8BA0-70C46863C304}
	EndGlobalSection
EndGlobal
