
Microsoft Visual Studio Solution File, Format Version 12.00
# Visual Studio Version 17
VisualStudioVersion = 17.4.33205.214
MinimumVisualStudioVersion = 10.0.40219.1
Project("{9A19103F-16F7-4668-BE54-9A1E7A4F7556}") = "CalorieCounting", "CalorieCounting\CalorieCounting.csproj", "{89E44B98-4447-40D2-954C-3780AB5947A7}"
EndProject
Project("{9A19103F-16F7-4668-BE54-9A1E7A4F7556}") = "RockPaperScissors", "RockPaperScissors\RockPaperScissors.csproj", "{EECD175F-FE8F-4E9E-A603-FB201A63A487}"
EndProject
Project("{9A19103F-16F7-4668-BE54-9A1E7A4F7556}") = "RucksackReorganization", "RucksackReorganization\RucksackReorganization.csproj", "{C831AE45-9A87-4E65-8150-2EE823805E62}"
EndProject
Project("{9A19103F-16F7-4668-BE54-9A1E7A4F7556}") = "CampCleanup", "CampCleanup\CampCleanup.csproj", "{AFE901E4-ED00-4AB8-9998-66D68E7007DE}"
EndProject
Project("{9A19103F-16F7-4668-BE54-9A1E7A4F7556}") = "SupplyStacks", "SupplyStacks\SupplyStacks.csproj", "{7AEAB155-F6A1-424B-9395-4CE18CE12A35}"
EndProject
Project("{9A19103F-16F7-4668-BE54-9A1E7A4F7556}") = "TuningTrouble", "TuningTrouble\TuningTrouble.csproj", "{3943ED0A-F699-417F-A288-42DBCDBF527F}"
EndProject
Project("{9A19103F-16F7-4668-BE54-9A1E7A4F7556}") = "NoSpaceLeftOnDevice", "NoSpaceLeftOnDevice\NoSpaceLeftOnDevice.csproj", "{A9F6940D-7392-4760-B7A6-52C457EC17EB}"
EndProject
Project("{FAE04EC0-301F-11D3-BF4B-00C04F79EFBC}") = "TreeTopTreeHouse", "TreeTopTreeHouse\TreeTopTreeHouse.csproj", "{8F42B5A5-F8CA-4457-88EE-A6E5AE1C2459}"
EndProject
Project("{FAE04EC0-301F-11D3-BF4B-00C04F79EFBC}") = "RopeBridge", "RopeBridge\RopeBridge.csproj", "{71C282E3-1D8B-40B7-967D-FE17E0D376A2}"
EndProject
Project("{FAE04EC0-301F-11D3-BF4B-00C04F79EFBC}") = "CathodeRayTube", "CathodeRayTube\CathodeRayTube.csproj", "{98E9B935-3630-4D1C-A335-D611F67F359D}"
EndProject
Project("{FAE04EC0-301F-11D3-BF4B-00C04F79EFBC}") = "MonkeyInTheMiddle", "MonkeyInTheMiddle\MonkeyInTheMiddle.csproj", "{F8A892B4-A093-43C5-A776-427740C909C0}"
EndProject
Global
	GlobalSection(SolutionConfigurationPlatforms) = preSolution
		Debug|Any CPU = Debug|Any CPU
		Release|Any CPU = Release|Any CPU
	EndGlobalSection
	GlobalSection(ProjectConfigurationPlatforms) = postSolution
		{89E44B98-4447-40D2-954C-3780AB5947A7}.Debug|Any CPU.ActiveCfg = Debug|Any CPU
		{89E44B98-4447-40D2-954C-3780AB5947A7}.Debug|Any CPU.Build.0 = Debug|Any CPU
		{89E44B98-4447-40D2-954C-3780AB5947A7}.Release|Any CPU.ActiveCfg = Release|Any CPU
		{89E44B98-4447-40D2-954C-3780AB5947A7}.Release|Any CPU.Build.0 = Release|Any CPU
		{EECD175F-FE8F-4E9E-A603-FB201A63A487}.Debug|Any CPU.ActiveCfg = Debug|Any CPU
		{EECD175F-FE8F-4E9E-A603-FB201A63A487}.Debug|Any CPU.Build.0 = Debug|Any CPU
		{EECD175F-FE8F-4E9E-A603-FB201A63A487}.Release|Any CPU.ActiveCfg = Release|Any CPU
		{EECD175F-FE8F-4E9E-A603-FB201A63A487}.Release|Any CPU.Build.0 = Release|Any CPU
		{C831AE45-9A87-4E65-8150-2EE823805E62}.Debug|Any CPU.ActiveCfg = Debug|Any CPU
		{C831AE45-9A87-4E65-8150-2EE823805E62}.Debug|Any CPU.Build.0 = Debug|Any CPU
		{C831AE45-9A87-4E65-8150-2EE823805E62}.Release|Any CPU.ActiveCfg = Release|Any CPU
		{C831AE45-9A87-4E65-8150-2EE823805E62}.Release|Any CPU.Build.0 = Release|Any CPU
		{AFE901E4-ED00-4AB8-9998-66D68E7007DE}.Debug|Any CPU.ActiveCfg = Debug|Any CPU
		{AFE901E4-ED00-4AB8-9998-66D68E7007DE}.Debug|Any CPU.Build.0 = Debug|Any CPU
		{AFE901E4-ED00-4AB8-9998-66D68E7007DE}.Release|Any CPU.ActiveCfg = Release|Any CPU
		{AFE901E4-ED00-4AB8-9998-66D68E7007DE}.Release|Any CPU.Build.0 = Release|Any CPU
		{7AEAB155-F6A1-424B-9395-4CE18CE12A35}.Debug|Any CPU.ActiveCfg = Debug|Any CPU
		{7AEAB155-F6A1-424B-9395-4CE18CE12A35}.Debug|Any CPU.Build.0 = Debug|Any CPU
		{7AEAB155-F6A1-424B-9395-4CE18CE12A35}.Release|Any CPU.ActiveCfg = Release|Any CPU
		{7AEAB155-F6A1-424B-9395-4CE18CE12A35}.Release|Any CPU.Build.0 = Release|Any CPU
		{3943ED0A-F699-417F-A288-42DBCDBF527F}.Debug|Any CPU.ActiveCfg = Debug|Any CPU
		{3943ED0A-F699-417F-A288-42DBCDBF527F}.Debug|Any CPU.Build.0 = Debug|Any CPU
		{3943ED0A-F699-417F-A288-42DBCDBF527F}.Release|Any CPU.ActiveCfg = Release|Any CPU
		{3943ED0A-F699-417F-A288-42DBCDBF527F}.Release|Any CPU.Build.0 = Release|Any CPU
		{A9F6940D-7392-4760-B7A6-52C457EC17EB}.Debug|Any CPU.ActiveCfg = Debug|Any CPU
		{A9F6940D-7392-4760-B7A6-52C457EC17EB}.Debug|Any CPU.Build.0 = Debug|Any CPU
		{A9F6940D-7392-4760-B7A6-52C457EC17EB}.Release|Any CPU.ActiveCfg = Release|Any CPU
		{A9F6940D-7392-4760-B7A6-52C457EC17EB}.Release|Any CPU.Build.0 = Release|Any CPU
		{8F42B5A5-F8CA-4457-88EE-A6E5AE1C2459}.Debug|Any CPU.ActiveCfg = Debug|Any CPU
		{8F42B5A5-F8CA-4457-88EE-A6E5AE1C2459}.Debug|Any CPU.Build.0 = Debug|Any CPU
		{8F42B5A5-F8CA-4457-88EE-A6E5AE1C2459}.Release|Any CPU.ActiveCfg = Release|Any CPU
		{8F42B5A5-F8CA-4457-88EE-A6E5AE1C2459}.Release|Any CPU.Build.0 = Release|Any CPU
		{71C282E3-1D8B-40B7-967D-FE17E0D376A2}.Debug|Any CPU.ActiveCfg = Debug|Any CPU
		{71C282E3-1D8B-40B7-967D-FE17E0D376A2}.Debug|Any CPU.Build.0 = Debug|Any CPU
		{71C282E3-1D8B-40B7-967D-FE17E0D376A2}.Release|Any CPU.ActiveCfg = Release|Any CPU
		{71C282E3-1D8B-40B7-967D-FE17E0D376A2}.Release|Any CPU.Build.0 = Release|Any CPU
		{98E9B935-3630-4D1C-A335-D611F67F359D}.Debug|Any CPU.ActiveCfg = Debug|Any CPU
		{98E9B935-3630-4D1C-A335-D611F67F359D}.Debug|Any CPU.Build.0 = Debug|Any CPU
		{98E9B935-3630-4D1C-A335-D611F67F359D}.Release|Any CPU.ActiveCfg = Release|Any CPU
		{98E9B935-3630-4D1C-A335-D611F67F359D}.Release|Any CPU.Build.0 = Release|Any CPU
		{F8A892B4-A093-43C5-A776-427740C909C0}.Debug|Any CPU.ActiveCfg = Debug|Any CPU
		{F8A892B4-A093-43C5-A776-427740C909C0}.Debug|Any CPU.Build.0 = Debug|Any CPU
		{F8A892B4-A093-43C5-A776-427740C909C0}.Release|Any CPU.ActiveCfg = Release|Any CPU
		{F8A892B4-A093-43C5-A776-427740C909C0}.Release|Any CPU.Build.0 = Release|Any CPU
	EndGlobalSection
	GlobalSection(SolutionProperties) = preSolution
		HideSolutionNode = FALSE
	EndGlobalSection
	GlobalSection(ExtensibilityGlobals) = postSolution
		SolutionGuid = {D2C6FB16-7030-4295-8BA0-70C46863C304}
	EndGlobalSection
EndGlobal
